// !$*UTF8*$!
{
	archiveVersion = 1;
	classes = {
	};
	objectVersion = 50;
	objects = {

/* Begin PBXBuildFile section */
		6BE50AA1B8DA50B204F1BA62 /* Pods_SVGImage.framework in Frameworks */ = {isa = PBXBuildFile; fileRef = 4E72AA72D10824E82170449F /* Pods_SVGImage.framework */; };
		8E0335A4242F30DD00A95980 /* AppDelegate.swift in Sources */ = {isa = PBXBuildFile; fileRef = 8E0335A3242F30DD00A95980 /* AppDelegate.swift */; };
		8E0335A8242F30DD00A95980 /* ViewController.swift in Sources */ = {isa = PBXBuildFile; fileRef = 8E0335A7242F30DD00A95980 /* ViewController.swift */; };
		8E0335AB242F30DD00A95980 /* Main.storyboard in Resources */ = {isa = PBXBuildFile; fileRef = 8E0335A9242F30DD00A95980 /* Main.storyboard */; };
		8E0335AD242F30E300A95980 /* Assets.xcassets in Resources */ = {isa = PBXBuildFile; fileRef = 8E0335AC242F30E300A95980 /* Assets.xcassets */; };
		8E0335B0242F30E300A95980 /* LaunchScreen.storyboard in Resources */ = {isa = PBXBuildFile; fileRef = 8E0335AE242F30E300A95980 /* LaunchScreen.storyboard */; };
/* End PBXBuildFile section */

/* Begin PBXFileReference section */
		4E72AA72D10824E82170449F /* Pods_SVGImage.framework */ = {isa = PBXFileReference; explicitFileType = wrapper.framework; includeInIndex = 0; path = Pods_SVGImage.framework; sourceTree = BUILT_PRODUCTS_DIR; };
		6E5D2559C0BA5A552E3E89C0 /* Pods-SVGImage.release.xcconfig */ = {isa = PBXFileReference; includeInIndex = 1; lastKnownFileType = text.xcconfig; name = "Pods-SVGImage.release.xcconfig"; path = "Target Support Files/Pods-SVGImage/Pods-SVGImage.release.xcconfig"; sourceTree = "<group>"; };
		77C98189F78767180F7EC8E9 /* Pods-SVGImage.debug.xcconfig */ = {isa = PBXFileReference; includeInIndex = 1; lastKnownFileType = text.xcconfig; name = "Pods-SVGImage.debug.xcconfig"; path = "Target Support Files/Pods-SVGImage/Pods-SVGImage.debug.xcconfig"; sourceTree = "<group>"; };
		8E0335A0242F30DD00A95980 /* SVGImage.app */ = {isa = PBXFileReference; explicitFileType = wrapper.application; includeInIndex = 0; path = SVGImage.app; sourceTree = BUILT_PRODUCTS_DIR; };
		8E0335A3242F30DD00A95980 /* AppDelegate.swift */ = {isa = PBXFileReference; lastKnownFileType = sourcecode.swift; path = AppDelegate.swift; sourceTree = "<group>"; };
		8E0335A7242F30DD00A95980 /* ViewController.swift */ = {isa = PBXFileReference; lastKnownFileType = sourcecode.swift; path = ViewController.swift; sourceTree = "<group>"; };
		8E0335AA242F30DD00A95980 /* Base */ = {isa = PBXFileReference; lastKnownFileType = file.storyboard; name = Base; path = Base.lproj/Main.storyboard; sourceTree = "<group>"; };
		8E0335AC242F30E300A95980 /* Assets.xcassets */ = {isa = PBXFileReference; lastKnownFileType = folder.assetcatalog; path = Assets.xcassets; sourceTree = "<group>"; };
		8E0335AF242F30E300A95980 /* Base */ = {isa = PBXFileReference; lastKnownFileType = file.storyboard; name = Base; path = Base.lproj/LaunchScreen.storyboard; sourceTree = "<group>"; };
		8E0335B1242F30E300A95980 /* Info.plist */ = {isa = PBXFileReference; lastKnownFileType = text.plist.xml; path = Info.plist; sourceTree = "<group>"; };
/* End PBXFileReference section */

/* Begin PBXFrameworksBuildPhase section */
		8E03359D242F30DD00A95980 /* Frameworks */ = {
			isa = PBXFrameworksBuildPhase;
			buildActionMask = 2147483647;
			files = (
				6BE50AA1B8DA50B204F1BA62 /* Pods_SVGImage.framework in Frameworks */,
			);
			runOnlyForDeploymentPostprocessing = 0;
		};
/* End PBXFrameworksBuildPhase section */

/* Begin PBXGroup section */
		2D873B38B08BF61C13B8FF2A /* Pods */ = {
			isa = PBXGroup;
			children = (
				77C98189F78767180F7EC8E9 /* Pods-SVGImage.debug.xcconfig */,
				6E5D2559C0BA5A552E3E89C0 /* Pods-SVGImage.release.xcconfig */,
			);
			name = Pods;
			path = Pods;
			sourceTree = "<group>";
		};
		8E033597242F30DD00A95980 = {
			isa = PBXGroup;
			children = (
				8E0335A2242F30DD00A95980 /* SVGImage */,
				8E0335A1242F30DD00A95980 /* Products */,
				2D873B38B08BF61C13B8FF2A /* Pods */,
				DF0957F848B68E2DB25EDC78 /* Frameworks */,
			);
			sourceTree = "<group>";
		};
		8E0335A1242F30DD00A95980 /* Products */ = {
			isa = PBXGroup;
			children = (
				8E0335A0242F30DD00A95980 /* SVGImage.app */,
			);
			name = Products;
			sourceTree = "<group>";
		};
		8E0335A2242F30DD00A95980 /* SVGImage */ = {
			isa = PBXGroup;
			children = (
				8E0335A3242F30DD00A95980 /* AppDelegate.swift */,
				8E0335A7242F30DD00A95980 /* ViewController.swift */,
				8E0335A9242F30DD00A95980 /* Main.storyboard */,
				8E0335AC242F30E300A95980 /* Assets.xcassets */,
				8E0335AE242F30E300A95980 /* LaunchScreen.storyboard */,
				8E0335B1242F30E300A95980 /* Info.plist */,
			);
			path = SVGImage;
			sourceTree = "<group>";
		};
		DF0957F848B68E2DB25EDC78 /* Frameworks */ = {
			isa = PBXGroup;
			children = (
				4E72AA72D10824E82170449F /* Pods_SVGImage.framework */,
			);
			name = Frameworks;
			sourceTree = "<group>";
		};
/* End PBXGroup section */

/* Begin PBXNativeTarget section */
		8E03359F242F30DD00A95980 /* SVGImage */ = {
			isa = PBXNativeTarget;
			buildConfigurationList = 8E0335B4242F30E300A95980 /* Build configuration list for PBXNativeTarget "SVGImage" */;
			buildPhases = (
				D96378001ACE25743186707A /* [CP] Check Pods Manifest.lock */,
				8E03359C242F30DD00A95980 /* Sources */,
				8E03359D242F30DD00A95980 /* Frameworks */,
				8E03359E242F30DD00A95980 /* Resources */,
				3071A0E52B12966B46AB7ECF /* [CP] Embed Pods Frameworks */,
			);
			buildRules = (
			);
			dependencies = (
			);
			name = SVGImage;
			productName = SVGImage;
			productReference = 8E0335A0242F30DD00A95980 /* SVGImage.app */;
			productType = "com.apple.product-type.application";
		};
/* End PBXNativeTarget section */

/* Begin PBXProject section */
		8E033598242F30DD00A95980 /* Project object */ = {
			isa = PBXProject;
			attributes = {
				LastSwiftUpdateCheck = 1130;
				LastUpgradeCheck = 1130;
				ORGANIZATIONNAME = MacV;
				TargetAttributes = {
					8E03359F242F30DD00A95980 = {
						CreatedOnToolsVersion = 11.3.1;
					};
				};
			};
			buildConfigurationList = 8E03359B242F30DD00A95980 /* Build configuration list for PBXProject "SVGImage" */;
			compatibilityVersion = "Xcode 9.3";
			developmentRegion = en;
			hasScannedForEncodings = 0;
			knownRegions = (
				en,
				Base,
			);
			mainGroup = 8E033597242F30DD00A95980;
			productRefGroup = 8E0335A1242F30DD00A95980 /* Products */;
			projectDirPath = "";
			projectRoot = "";
			targets = (
				8E03359F242F30DD00A95980 /* SVGImage */,
			);
		};
/* End PBXProject section */

/* Begin PBXResourcesBuildPhase section */
		8E03359E242F30DD00A95980 /* Resources */ = {
			isa = PBXResourcesBuildPhase;
			buildActionMask = 2147483647;
			files = (
				8E0335B0242F30E300A95980 /* LaunchScreen.storyboard in Resources */,
				8E0335AD242F30E300A95980 /* Assets.xcassets in Resources */,
				8E0335AB242F30DD00A95980 /* Main.storyboard in Resources */,
			);
			runOnlyForDeploymentPostprocessing = 0;
		};
/* End PBXResourcesBuildPhase section */

/* Begin PBXShellScriptBuildPhase section */
		3071A0E52B12966B46AB7ECF /* [CP] Embed Pods Frameworks */ = {
			isa = PBXShellScriptBuildPhase;
			buildActionMask = 2147483647;
			files = (
			);
			inputFileListPaths = (
				"${PODS_ROOT}/Target Support Files/Pods-SVGImage/Pods-SVGImage-frameworks-${CONFIGURATION}-input-files.xcfilelist",
			);
			name = "[CP] Embed Pods Frameworks";
			outputFileListPaths = (
				"${PODS_ROOT}/Target Support Files/Pods-SVGImage/Pods-SVGImage-frameworks-${CONFIGURATION}-output-files.xcfilelist",
			);
			runOnlyForDeploymentPostprocessing = 0;
			shellPath = /bin/sh;
			shellScript = "\"${PODS_ROOT}/Target Support Files/Pods-SVGImage/Pods-SVGImage-frameworks.sh\"\n";
			showEnvVarsInLog = 0;
		};
		D96378001ACE25743186707A /* [CP] Check Pods Manifest.lock */ = {
			isa = PBXShellScriptBuildPhase;
			buildActionMask = 2147483647;
			files = (
			);
			inputFileListPaths = (
			);
			inputPaths = (
				"${PODS_PODFILE_DIR_PATH}/Podfile.lock",
				"${PODS_ROOT}/Manifest.lock",
			);
			name = "[CP] Check Pods Manifest.lock";
			outputFileListPaths = (
			);
			outputPaths = (
				"$(DERIVED_FILE_DIR)/Pods-SVGImage-checkManifestLockResult.txt",
			);
			runOnlyForDeploymentPostprocessing = 0;
			shellPath = /bin/sh;
			shellScript = "diff \"${PODS_PODFILE_DIR_PATH}/Podfile.lock\" \"${PODS_ROOT}/Manifest.lock\" > /dev/null\nif [ $? != 0 ] ; then\n    # print error to STDERR\n    echo \"error: The sandbox is not in sync with the Podfile.lock. Run 'pod install' or update your CocoaPods installation.\" >&2\n    exit 1\nfi\n# This output is used by Xcode 'outputs' to avoid re-running this script phase.\necho \"SUCCESS\" > \"${SCRIPT_OUTPUT_FILE_0}\"\n";
			showEnvVarsInLog = 0;
		};
/* End PBXShellScriptBuildPhase section */

/* Begin PBXSourcesBuildPhase section */
		8E03359C242F30DD00A95980 /* Sources */ = {
			isa = PBXSourcesBuildPhase;
			buildActionMask = 2147483647;
			files = (
				8E0335A8242F30DD00A95980 /* ViewController.swift in Sources */,
				8E0335A4242F30DD00A95980 /* AppDelegate.swift in Sources */,
			);
			runOnlyForDeploymentPostprocessing = 0;
		};
/* End PBXSourcesBuildPhase section */

/* Begin PBXVariantGroup section */
		8E0335A9242F30DD00A95980 /* Main.storyboard */ = {
			isa = PBXVariantGroup;
			children = (
				8E0335AA242F30DD00A95980 /* Base */,
			);
			name = Main.storyboard;
			sourceTree = "<group>";
		};
		8E0335AE242F30E300A95980 /* LaunchScreen.storyboard */ = {
			isa = PBXVariantGroup;
			children = (
				8E0335AF242F30E300A95980 /* Base */,
			);
			name = LaunchScreen.storyboard;
			sourceTree = "<group>";
		};
/* End PBXVariantGroup section */

/* Begin XCBuildConfiguration section */
		8E0335B2242F30E300A95980 /* Debug */ = {
			isa = XCBuildConfiguration;
			buildSettings = {
				ALWAYS_SEARCH_USER_PATHS = NO;
				CLANG_ANALYZER_NONNULL = YES;
				CLANG_ANALYZER_NUMBER_OBJECT_CONVERSION = YES_AGGRESSIVE;
				CLANG_CXX_LANGUAGE_STANDARD = "gnu++14";
				CLANG_CXX_LIBRARY = "libc++";
				CLANG_ENABLE_MODULES = YES;
				CLANG_ENABLE_OBJC_ARC = YES;
				CLANG_ENABLE_OBJC_WEAK = YES;
				CLANG_WARN_BLOCK_CAPTURE_AUTORELEASING = YES;
				CLANG_WARN_BOOL_CONVERSION = YES;
				CLANG_WARN_COMMA = YES;
				CLANG_WARN_CONSTANT_CONVERSION = YES;
				CLANG_WARN_DEPRECATED_OBJC_IMPLEMENTATIONS = YES;
				CLANG_WARN_DIRECT_OBJC_ISA_USAGE = YES_ERROR;
				CLANG_WARN_DOCUMENTATION_COMMENTS = YES;
				CLANG_WARN_EMPTY_BODY = YES;
				CLANG_WARN_ENUM_CONVERSION = YES;
				CLANG_WARN_INFINITE_RECURSION = YES;
				CLANG_WARN_INT_CONVERSION = YES;
				CLANG_WARN_NON_LITERAL_NULL_CONVERSION = YES;
				CLANG_WARN_OBJC_IMPLICIT_RETAIN_SELF = YES;
				CLANG_WARN_OBJC_LITERAL_CONVERSION = YES;
				CLANG_WARN_OBJC_ROOT_CLASS = YES_ERROR;
				CLANG_WARN_RANGE_LOOP_ANALYSIS = YES;
				CLANG_WARN_STRICT_PROTOTYPES = YES;
				CLANG_WARN_SUSPICIOUS_MOVE = YES;
				CLANG_WARN_UNGUARDED_AVAILABILITY = YES_AGGRESSIVE;
				CLANG_WARN_UNREACHABLE_CODE = YES;
				CLANG_WARN__DUPLICATE_METHOD_MATCH = YES;
				COPY_PHASE_STRIP = NO;
				DEBUG_INFORMATION_FORMAT = dwarf;
				ENABLE_STRICT_OBJC_MSGSEND = YES;
				ENABLE_TESTABILITY = YES;
				GCC_C_LANGUAGE_STANDARD = gnu11;
				GCC_DYNAMIC_NO_PIC = NO;
				GCC_NO_COMMON_BLOCKS = YES;
				GCC_OPTIMIZATION_LEVEL = 0;
				GCC_PREPROCESSOR_DEFINITIONS = (
					"DEBUG=1",
					"$(inherited)",
				);
				GCC_WARN_64_TO_32_BIT_CONVERSION = YES;
				GCC_WARN_ABOUT_RETURN_TYPE = YES_ERROR;
				GCC_WARN_UNDECLARED_SELECTOR = YES;
				GCC_WARN_UNINITIALIZED_AUTOS = YES_AGGRESSIVE;
				GCC_WARN_UNUSED_FUNCTION = YES;
				GCC_WARN_UNUSED_VARIABLE = YES;
				IPHONEOS_DEPLOYMENT_TARGET = 13.2;
				MTL_ENABLE_DEBUG_INFO = INCLUDE_SOURCE;
				MTL_FAST_MATH = YES;
				ONLY_ACTIVE_ARCH = YES;
				SDKROOT = iphoneos;
				SWIFT_ACTIVE_COMPILATION_CONDITIONS = DEBUG;
				SWIFT_OPTIMIZATION_LEVEL = "-Onone";
			};
			name = Debug;
		};
		8E0335B3242F30E300A95980 /* Release */ = {
			isa = XCBuildConfiguration;
			buildSettings = {
				ALWAYS_SEARCH_USER_PATHS = NO;
				CLANG_ANALYZER_NONNULL = YES;
				CLANG_ANALYZER_NUMBER_OBJECT_CONVERSION = YES_AGGRESSIVE;
				CLANG_CXX_LANGUAGE_STANDARD = "gnu++14";
				CLANG_CXX_LIBRARY = "libc++";
				CLANG_ENABLE_MODULES = YES;
				CLANG_ENABLE_OBJC_ARC = YES;
				CLANG_ENABLE_OBJC_WEAK = YES;
				CLANG_WARN_BLOCK_CAPTURE_AUTORELEASING = YES;
				CLANG_WARN_BOOL_CONVERSION = YES;
				CLANG_WARN_COMMA = YES;
				CLANG_WARN_CONSTANT_CONVERSION = YES;
				CLANG_WARN_DEPRECATED_OBJC_IMPLEMENTATIONS = YES;
				CLANG_WARN_DIRECT_OBJC_ISA_USAGE = YES_ERROR;
				CLANG_WARN_DOCUMENTATION_COMMENTS = YES;
				CLANG_WARN_EMPTY_BODY = YES;
				CLANG_WARN_ENUM_CONVERSION = YES;
				CLANG_WARN_INFINITE_RECURSION = YES;
				CLANG_WARN_INT_CONVERSION = YES;
				CLANG_WARN_NON_LITERAL_NULL_CONVERSION = YES;
				CLANG_WARN_OBJC_IMPLICIT_RETAIN_SELF = YES;
				CLANG_WARN_OBJC_LITERAL_CONVERSION = YES;
				CLANG_WARN_OBJC_ROOT_CLASS = YES_ERROR;
				CLANG_WARN_RANGE_LOOP_ANALYSIS = YES;
				CLANG_WARN_STRICT_PROTOTYPES = YES;
				CLANG_WARN_SUSPICIOUS_MOVE = YES;
				CLANG_WARN_UNGUARDED_AVAILABILITY = YES_AGGRESSIVE;
				CLANG_WARN_UNREACHABLE_CODE = YES;
				CLANG_WARN__DUPLICATE_METHOD_MATCH = YES;
				COPY_PHASE_STRIP = NO;
				DEBUG_INFORMATION_FORMAT = "dwarf-with-dsym";
				ENABLE_NS_ASSERTIONS = NO;
				ENABLE_STRICT_OBJC_MSGSEND = YES;
				GCC_C_LANGUAGE_STANDARD = gnu11;
				GCC_NO_COMMON_BLOCKS = YES;
				GCC_WARN_64_TO_32_BIT_CONVERSION = YES;
				GCC_WARN_ABOUT_RETURN_TYPE = YES_ERROR;
				GCC_WARN_UNDECLARED_SELECTOR = YES;
				GCC_WARN_UNINITIALIZED_AUTOS = YES_AGGRESSIVE;
				GCC_WARN_UNUSED_FUNCTION = YES;
				GCC_WARN_UNUSED_VARIABLE = YES;
				IPHONEOS_DEPLOYMENT_TARGET = 13.2;
				MTL_ENABLE_DEBUG_INFO = NO;
				MTL_FAST_MATH = YES;
				SDKROOT = iphoneos;
				SWIFT_COMPILATION_MODE = wholemodule;
				SWIFT_OPTIMIZATION_LEVEL = "-O";
				VALIDATE_PRODUCT = YES;
			};
			name = Release;
		};
		8E0335B5242F30E300A95980 /* Debug */ = {
			isa = XCBuildConfiguration;
			baseConfigurationReference = 77C98189F78767180F7EC8E9 /* Pods-SVGImage.debug.xcconfig */;
			buildSettings = {
				ASSETCATALOG_COMPILER_APPICON_NAME = AppIcon;
				CODE_SIGN_STYLE = Automatic;
				INFOPLIST_FILE = SVGImage/Info.plist;
				LD_RUNPATH_SEARCH_PATHS = (
					"$(inherited)",
					"@executable_path/Frameworks",
				);
				PRODUCT_BUNDLE_IDENTIFIER = com.macv.tm8covid19.SVGImage;
				PRODUCT_NAME = "$(TARGET_NAME)";
				SWIFT_VERSION = 5.0;
				TARGETED_DEVICE_FAMILY = "1,2";
			};
			name = Debug;
		};
		8E0335B6242F30E300A95980 /* Release */ = {
			isa = XCBuildConfiguration;
			baseConfigurationReference = 6E5D2559C0BA5A552E3E89C0 /* Pods-SVGImage.release.xcconfig */;
			buildSettings = {
				ASSETCATALOG_COMPILER_APPICON_NAME = AppIcon;
				CODE_SIGN_STYLE = Automatic;
				INFOPLIST_FILE = SVGImage/Info.plist;
				LD_RUNPATH_SEARCH_PATHS = (
					"$(inherited)",
					"@executable_path/Frameworks",
				);
				PRODUCT_BUNDLE_IDENTIFIER = com.macv.tm8covid19.SVGImage;
				PRODUCT_NAME = "$(TARGET_NAME)";
				SWIFT_VERSION = 5.0;
				TARGETED_DEVICE_FAMILY = "1,2";
			};
			name = Release;
		};
/* End XCBuildConfiguration section */

/* Begin XCConfigurationList section */
		8E03359B242F30DD00A95980 /* Build configuration list for PBXProject "SVGImage" */ = {
			isa = XCConfigurationList;
			buildConfigurations = (
				8E0335B2242F30E300A95980 /* Debug */,
				8E0335B3242F30E300A95980 /* Release */,
			);
			defaultConfigurationIsVisible = 0;
			defaultConfigurationName = Release;
		};
		8E0335B4242F30E300A95980 /* Build configuration list for PBXNativeTarget "SVGImage" */ = {
			isa = XCConfigurationList;
			buildConfigurations = (
				8E0335B5242F30E300A95980 /* Debug */,
				8E0335B6242F30E300A95980 /* Release */,
			);
			defaultConfigurationIsVisible = 0;
			defaultConfigurationName = Release;
		};
/* End XCConfigurationList section */
	};
	rootObject = 8E033598242F30DD00A95980 /* Project object */;
}
